
Microsoft Visual Studio Solution File, Format Version 12.00
Project("{FAE04EC0-301F-11D3-BF4B-00C04F79EFBC}") = "ImageSharp.Payloads.Gif", "ImageSharp.Payloads.Gif\ImageSharp.Payloads.Gif.csproj", "{E681F529-4D9C-4B57-8C47-9A88010DF7E7}"
EndProject
Project("{FAE04EC0-301F-11D3-BF4B-00C04F79EFBC}") = "ImageSharp.Payloads.Jpeg", "ImageSharp.Payloads.Jpeg\ImageSharp.Payloads.Jpeg.csproj", "{E2748F37-7848-48C3-AA00-A5D11427C18F}"
EndProject
Project("{FAE04EC0-301F-11D3-BF4B-00C04F79EFBC}") = "ImageSharp.Payloads.GifMemory", "ImageSharp.Payloads.GifMemory\ImageSharp.Payloads.GifMemory.csproj", "{B1E876D0-2E3C-47EC-A3CE-AFBD27DDAC84}"
EndProject
Global
	GlobalSection(SolutionConfigurationPlatforms) = preSolution
		Debug|Any CPU = Debug|Any CPU
		Release|Any CPU = Release|Any CPU
	EndGlobalSection
	GlobalSection(ProjectConfigurationPlatforms) = postSolution
		{E681F529-4D9C-4B57-8C47-9A88010DF7E7}.Debug|Any CPU.ActiveCfg = Debug|Any CPU
		{E681F529-4D9C-4B57-8C47-9A88010DF7E7}.Debug|Any CPU.Build.0 = Debug|Any CPU
		{E681F529-4D9C-4B57-8C47-9A88010DF7E7}.Release|Any CPU.ActiveCfg = Release|Any CPU
		{E681F529-4D9C-4B57-8C47-9A88010DF7E7}.Release|Any CPU.Build.0 = Release|Any CPU
		{E2748F37-7848-48C3-AA00-A5D11427C18F}.Debug|Any CPU.ActiveCfg = Debug|Any CPU
		{E2748F37-7848-48C3-AA00-A5D11427C18F}.Debug|Any CPU.Build.0 = Debug|Any CPU
		{E2748F37-7848-48C3-AA00-A5D11427C18F}.Release|Any CPU.ActiveCfg = Release|Any CPU
		{E2748F37-7848-48C3-AA00-A5D11427C18F}.Release|Any CPU.Build.0 = Release|Any CPU
		{B1E876D0-2E3C-47EC-A3CE-AFBD27DDAC84}.Debug|Any CPU.ActiveCfg = Debug|Any CPU
		{B1E876D0-2E3C-47EC-A3CE-AFBD27DDAC84}.Debug|Any CPU.Build.0 = Debug|Any CPU
		{B1E876D0-2E3C-47EC-A3CE-AFBD27DDAC84}.Release|Any CPU.ActiveCfg = Release|Any CPU
		{B1E876D0-2E3C-47EC-A3CE-AFBD27DDAC84}.Release|Any CPU.Build.0 = Release|Any CPU
	EndGlobalSection
EndGlobal
